
Microsoft Visual Studio Solution File, Format Version 12.00
# Visual Studio 15
VisualStudioVersion = 15.0.28307.572
MinimumVisualStudioVersion = 10.0.40219.1
Project("{FAE04EC0-301F-11D3-BF4B-00C04F79EFBC}") = "IRIDemo", "IRIDemo\IRIDemo.csproj", "{8D4AE203-A2AF-4CF8-A0D2-9E7BABB60581}"
EndProject
Project("{FAE04EC0-301F-11D3-BF4B-00C04F79EFBC}") = "IRIDemo.Tests", "IRIDemo.Tests\IRIDemo.Tests.csproj", "{37308E26-13DB-4F30-B283-72A3FB508683}"
EndProject
Project("{FAE04EC0-301F-11D3-BF4B-00C04F79EFBC}") = "IRIDemo.Common", "IRIDemo.Common\IRIDemo.Common.csproj", "{DD871950-FA4D-42A7-9D3A-962F4AE60D05}"
EndProject
Project("{FAE04EC0-301F-11D3-BF4B-00C04F79EFBC}") = "IRIDemo.Models", "IRIDemo.Models\IRIDemo.Models.csproj", "{64D98A4F-5343-491A-A576-D05507A40C32}"
EndProject
Project("{FAE04EC0-301F-11D3-BF4B-00C04F79EFBC}") = "IRIDemo.Domain", "IRIDemo.Domain\IRIDemo.Domain.csproj", "{510050B4-33CA-4F47-B0B5-3C213CE3747A}"
EndProject
Project("{FAE04EC0-301F-11D3-BF4B-00C04F79EFBC}") = "IRIDemo.DataContext", "IRIDemo.DataContext\IRIDemo.DataContext.csproj", "{AC504AC2-4C62-4C17-AA54-09B875118BA9}"
EndProject
Project("{FAE04EC0-301F-11D3-BF4B-00C04F79EFBC}") = "IRIDemo.DataProcessing", "IRIDemo.DataProcessing\IRIDemo.DataProcessing.csproj", "{77B32E49-479D-4598-8721-80696347936C}"
EndProject
Global
	GlobalSection(SolutionConfigurationPlatforms) = preSolution
		Debug|Any CPU = Debug|Any CPU
		Release|Any CPU = Release|Any CPU
	EndGlobalSection
	GlobalSection(ProjectConfigurationPlatforms) = postSolution
		{8D4AE203-A2AF-4CF8-A0D2-9E7BABB60581}.Debug|Any CPU.ActiveCfg = Debug|Any CPU
		{8D4AE203-A2AF-4CF8-A0D2-9E7BABB60581}.Debug|Any CPU.Build.0 = Debug|Any CPU
		{8D4AE203-A2AF-4CF8-A0D2-9E7BABB60581}.Release|Any CPU.ActiveCfg = Release|Any CPU
		{8D4AE203-A2AF-4CF8-A0D2-9E7BABB60581}.Release|Any CPU.Build.0 = Release|Any CPU
		{37308E26-13DB-4F30-B283-72A3FB508683}.Debug|Any CPU.ActiveCfg = Debug|Any CPU
		{37308E26-13DB-4F30-B283-72A3FB508683}.Debug|Any CPU.Build.0 = Debug|Any CPU
		{37308E26-13DB-4F30-B283-72A3FB508683}.Release|Any CPU.ActiveCfg = Release|Any CPU
		{37308E26-13DB-4F30-B283-72A3FB508683}.Release|Any CPU.Build.0 = Release|Any CPU
		{DD871950-FA4D-42A7-9D3A-962F4AE60D05}.Debug|Any CPU.ActiveCfg = Debug|Any CPU
		{DD871950-FA4D-42A7-9D3A-962F4AE60D05}.Debug|Any CPU.Build.0 = Debug|Any CPU
		{DD871950-FA4D-42A7-9D3A-962F4AE60D05}.Release|Any CPU.ActiveCfg = Release|Any CPU
		{DD871950-FA4D-42A7-9D3A-962F4AE60D05}.Release|Any CPU.Build.0 = Release|Any CPU
		{64D98A4F-5343-491A-A576-D05507A40C32}.Debug|Any CPU.ActiveCfg = Debug|Any CPU
		{64D98A4F-5343-491A-A576-D05507A40C32}.Debug|Any CPU.Build.0 = Debug|Any CPU
		{64D98A4F-5343-491A-A576-D05507A40C32}.Release|Any CPU.ActiveCfg = Release|Any CPU
		{64D98A4F-5343-491A-A576-D05507A40C32}.Release|Any CPU.Build.0 = Release|Any CPU
		{510050B4-33CA-4F47-B0B5-3C213CE3747A}.Debug|Any CPU.ActiveCfg = Debug|Any CPU
		{510050B4-33CA-4F47-B0B5-3C213CE3747A}.Debug|Any CPU.Build.0 = Debug|Any CPU
		{510050B4-33CA-4F47-B0B5-3C213CE3747A}.Release|Any CPU.ActiveCfg = Release|Any CPU
		{510050B4-33CA-4F47-B0B5-3C213CE3747A}.Release|Any CPU.Build.0 = Release|Any CPU
		{AC504AC2-4C62-4C17-AA54-09B875118BA9}.Debug|Any CPU.ActiveCfg = Debug|Any CPU
		{AC504AC2-4C62-4C17-AA54-09B875118BA9}.Debug|Any CPU.Build.0 = Debug|Any CPU
		{AC504AC2-4C62-4C17-AA54-09B875118BA9}.Release|Any CPU.ActiveCfg = Release|Any CPU
		{AC504AC2-4C62-4C17-AA54-09B875118BA9}.Release|Any CPU.Build.0 = Release|Any CPU
		{77B32E49-479D-4598-8721-80696347936C}.Debug|Any CPU.ActiveCfg = Debug|Any CPU
		{77B32E49-479D-4598-8721-80696347936C}.Debug|Any CPU.Build.0 = Debug|Any CPU
		{77B32E49-479D-4598-8721-80696347936C}.Release|Any CPU.ActiveCfg = Release|Any CPU
		{77B32E49-479D-4598-8721-80696347936C}.Release|Any CPU.Build.0 = Release|Any CPU
	EndGlobalSection
	GlobalSection(SolutionProperties) = preSolution
		HideSolutionNode = FALSE
	EndGlobalSection
	GlobalSection(ExtensibilityGlobals) = postSolution
		SolutionGuid = {080599DF-80D5-44F7-9EE0-133EE2427161}
	EndGlobalSection
EndGlobal
